// !$*UTF8*$!
{
	archiveVersion = 1;
	classes = {
	};
	objectVersion = 50;
	objects = {

/* Begin PBXBuildFile section */
		D17A9572259219D200B0B81C /* AppDelegate.swift in Sources */ = {isa = PBXBuildFile; fileRef = D17A9571259219D200B0B81C /* AppDelegate.swift */; };
		D17A9574259219D200B0B81C /* SceneDelegate.swift in Sources */ = {isa = PBXBuildFile; fileRef = D17A9573259219D200B0B81C /* SceneDelegate.swift */; };
		D17A9576259219D200B0B81C /* ViewController.swift in Sources */ = {isa = PBXBuildFile; fileRef = D17A9575259219D200B0B81C /* ViewController.swift */; };
		D17A9579259219D200B0B81C /* Main.storyboard in Resources */ = {isa = PBXBuildFile; fileRef = D17A9577259219D200B0B81C /* Main.storyboard */; };
		D17A957B259219D200B0B81C /* Assets.xcassets in Resources */ = {isa = PBXBuildFile; fileRef = D17A957A259219D200B0B81C /* Assets.xcassets */; };
		D17A957E259219D200B0B81C /* LaunchScreen.storyboard in Resources */ = {isa = PBXBuildFile; fileRef = D17A957C259219D200B0B81C /* LaunchScreen.storyboard */; };
		D17A958625921DB600B0B81C /* secondViewController.swift in Sources */ = {isa = PBXBuildFile; fileRef = D17A958525921DB600B0B81C /* secondViewController.swift */; };
/* End PBXBuildFile section */

/* Begin PBXFileReference section */
		D17A956E259219D200B0B81C /* slideShowApp.app */ = {isa = PBXFileReference; explicitFileType = wrapper.application; includeInIndex = 0; path = slideShowApp.app; sourceTree = BUILT_PRODUCTS_DIR; };
		D17A9571259219D200B0B81C /* AppDelegate.swift */ = {isa = PBXFileReference; lastKnownFileType = sourcecode.swift; path = AppDelegate.swift; sourceTree = "<group>"; };
		D17A9573259219D200B0B81C /* SceneDelegate.swift */ = {isa = PBXFileReference; lastKnownFileType = sourcecode.swift; path = SceneDelegate.swift; sourceTree = "<group>"; };
		D17A9575259219D200B0B81C /* ViewController.swift */ = {isa = PBXFileReference; lastKnownFileType = sourcecode.swift; path = ViewController.swift; sourceTree = "<group>"; };
		D17A9578259219D200B0B81C /* Base */ = {isa = PBXFileReference; lastKnownFileType = file.storyboard; name = Base; path = Base.lproj/Main.storyboard; sourceTree = "<group>"; };
		D17A957A259219D200B0B81C /* Assets.xcassets */ = {isa = PBXFileReference; lastKnownFileType = folder.assetcatalog; path = Assets.xcassets; sourceTree = "<group>"; };
		D17A957D259219D200B0B81C /* Base */ = {isa = PBXFileReference; lastKnownFileType = file.storyboard; name = Base; path = Base.lproj/LaunchScreen.storyboard; sourceTree = "<group>"; };
		D17A957F259219D200B0B81C /* Info.plist */ = {isa = PBXFileReference; lastKnownFileType = text.plist.xml; path = Info.plist; sourceTree = "<group>"; };
		D17A958525921DB600B0B81C /* secondViewController.swift */ = {isa = PBXFileReference; lastKnownFileType = sourcecode.swift; path = secondViewController.swift; sourceTree = "<group>"; };
/* End PBXFileReference section */

/* Begin PBXFrameworksBuildPhase section */
		D17A956B259219D200B0B81C /* Frameworks */ = {
			isa = PBXFrameworksBuildPhase;
			buildActionMask = 2147483647;
			files = (
			);
			runOnlyForDeploymentPostprocessing = 0;
		};
/* End PBXFrameworksBuildPhase section */

/* Begin PBXGroup section */
		D17A9565259219D200B0B81C = {
			isa = PBXGroup;
			children = (
				D17A9570259219D200B0B81C /* slideShowApp */,
				D17A956F259219D200B0B81C /* Products */,
			);
			sourceTree = "<group>";
		};
		D17A956F259219D200B0B81C /* Products */ = {
			isa = PBXGroup;
			children = (
				D17A956E259219D200B0B81C /* slideShowApp.app */,
			);
			name = Products;
			sourceTree = "<group>";
		};
		D17A9570259219D200B0B81C /* slideShowApp */ = {
			isa = PBXGroup;
			children = (
				D17A9571259219D200B0B81C /* AppDelegate.swift */,
				D17A9573259219D200B0B81C /* SceneDelegate.swift */,
				D17A9575259219D200B0B81C /* ViewController.swift */,
				D17A958525921DB600B0B81C /* secondViewController.swift */,
				D17A9577259219D200B0B81C /* Main.storyboard */,
				D17A957A259219D200B0B81C /* Assets.xcassets */,
				D17A957C259219D200B0B81C /* LaunchScreen.storyboard */,
				D17A957F259219D200B0B81C /* Info.plist */,
			);
			path = slideShowApp;
			sourceTree = "<group>";
		};
/* End PBXGroup section */

/* Begin PBXNativeTarget section */
		D17A956D259219D200B0B81C /* slideShowApp */ = {
			isa = PBXNativeTarget;
			buildConfigurationList = D17A9582259219D200B0B81C /* Build configuration list for PBXNativeTarget "slideShowApp" */;
			buildPhases = (
				D17A956A259219D200B0B81C /* Sources */,
				D17A956B259219D200B0B81C /* Frameworks */,
				D17A956C259219D200B0B81C /* Resources */,
			);
			buildRules = (
			);
			dependencies = (
			);
			name = slideShowApp;
			productName = slideShowApp;
			productReference = D17A956E259219D200B0B81C /* slideShowApp.app */;
			productType = "com.apple.product-type.application";
		};
/* End PBXNativeTarget section */

/* Begin PBXProject section */
		D17A9566259219D200B0B81C /* Project object */ = {
			isa = PBXProject;
			attributes = {
				LastSwiftUpdateCheck = 1150;
				LastUpgradeCheck = 1150;
				ORGANIZATIONNAME = yuto;
				TargetAttributes = {
					D17A956D259219D200B0B81C = {
						CreatedOnToolsVersion = 11.5;
					};
				};
			};
			buildConfigurationList = D17A9569259219D200B0B81C /* Build configuration list for PBXProject "slideShowApp" */;
			compatibilityVersion = "Xcode 9.3";
			developmentRegion = en;
			hasScannedForEncodings = 0;
			knownRegions = (
				en,
				Base,
			);
			mainGroup = D17A9565259219D200B0B81C;
			productRefGroup = D17A956F259219D200B0B81C /* Products */;
			projectDirPath = "";
			projectRoot = "";
			targets = (
				D17A956D259219D200B0B81C /* slideShowApp */,
			);
		};
/* End PBXProject section */

/* Begin PBXResourcesBuildPhase section */
		D17A956C259219D200B0B81C /* Resources */ = {
			isa = PBXResourcesBuildPhase;
			buildActionMask = 2147483647;
			files = (
				D17A957E259219D200B0B81C /* LaunchScreen.storyboard in Resources */,
				D17A957B259219D200B0B81C /* Assets.xcassets in Resources */,
				D17A9579259219D200B0B81C /* Main.storyboard in Resources */,
			);
			runOnlyForDeploymentPostprocessing = 0;
		};
/* End PBXResourcesBuildPhase section */

/* Begin PBXSourcesBuildPhase section */
		D17A956A259219D200B0B81C /* Sources */ = {
			isa = PBXSourcesBuildPhase;
			buildActionMask = 2147483647;
			files = (
				D17A958625921DB600B0B81C /* secondViewController.swift in Sources */,
				D17A9576259219D200B0B81C /* ViewController.swift in Sources */,
				D17A9572259219D200B0B81C /* AppDelegate.swift in Sources */,
				D17A9574259219D200B0B81C /* SceneDelegate.swift in Sources */,
			);
			runOnlyForDeploymentPostprocessing = 0;
		};
/* End PBXSourcesBuildPhase section */

/* Begin PBXVariantGroup section */
		D17A9577259219D200B0B81C /* Main.storyboard */ = {
			isa = PBXVariantGroup;
			children = (
				D17A9578259219D200B0B81C /* Base */,
			);
			name = Main.storyboard;
			sourceTree = "<group>";
		};
		D17A957C259219D200B0B81C /* LaunchScreen.storyboard */ = {
			isa = PBXVariantGroup;
			children = (
				D17A957D259219D200B0B81C /* Base */,
			);
			name = LaunchScreen.storyboard;
			sourceTree = "<group>";
		};
/* End PBXVariantGroup section */

/* Begin XCBuildConfiguration section */
		D17A9580259219D200B0B81C /* Debug */ = {
			isa = XCBuildConfiguration;
			buildSettings = {
				ALWAYS_SEARCH_USER_PATHS = NO;
				CLANG_ANALYZER_NONNULL = YES;
				CLANG_ANALYZER_NUMBER_OBJECT_CONVERSION = YES_AGGRESSIVE;
				CLANG_CXX_LANGUAGE_STANDARD = "gnu++14";
				CLANG_CXX_LIBRARY = "libc++";
				CLANG_ENABLE_MODULES = YES;
				CLANG_ENABLE_OBJC_ARC = YES;
				CLANG_ENABLE_OBJC_WEAK = YES;
				CLANG_WARN_BLOCK_CAPTURE_AUTORELEASING = YES;
				CLANG_WARN_BOOL_CONVERSION = YES;
				CLANG_WARN_COMMA = YES;
				CLANG_WARN_CONSTANT_CONVERSION = YES;
				CLANG_WARN_DEPRECATED_OBJC_IMPLEMENTATIONS = YES;
				CLANG_WARN_DIRECT_OBJC_ISA_USAGE = YES_ERROR;
				CLANG_WARN_DOCUMENTATION_COMMENTS = YES;
				CLANG_WARN_EMPTY_BODY = YES;
				CLANG_WARN_ENUM_CONVERSION = YES;
				CLANG_WARN_INFINITE_RECURSION = YES;
				CLANG_WARN_INT_CONVERSION = YES;
				CLANG_WARN_NON_LITERAL_NULL_CONVERSION = YES;
				CLANG_WARN_OBJC_IMPLICIT_RETAIN_SELF = YES;
				CLANG_WARN_OBJC_LITERAL_CONVERSION = YES;
				CLANG_WARN_OBJC_ROOT_CLASS = YES_ERROR;
				CLANG_WARN_RANGE_LOOP_ANALYSIS = YES;
				CLANG_WARN_STRICT_PROTOTYPES = YES;
				CLANG_WARN_SUSPICIOUS_MOVE = YES;
				CLANG_WARN_UNGUARDED_AVAILABILITY = YES_AGGRESSIVE;
				CLANG_WARN_UNREACHABLE_CODE = YES;
				CLANG_WARN__DUPLICATE_METHOD_MATCH = YES;
				COPY_PHASE_STRIP = NO;
				DEBUG_INFORMATION_FORMAT = dwarf;
				ENABLE_STRICT_OBJC_MSGSEND = YES;
				ENABLE_TESTABILITY = YES;
				GCC_C_LANGUAGE_STANDARD = gnu11;
				GCC_DYNAMIC_NO_PIC = NO;
				GCC_NO_COMMON_BLOCKS = YES;
				GCC_OPTIMIZATION_LEVEL = 0;
				GCC_PREPROCESSOR_DEFINITIONS = (
					"DEBUG=1",
					"$(inherited)",
				);
				GCC_WARN_64_TO_32_BIT_CONVERSION = YES;
				GCC_WARN_ABOUT_RETURN_TYPE = YES_ERROR;
				GCC_WARN_UNDECLARED_SELECTOR = YES;
				GCC_WARN_UNINITIALIZED_AUTOS = YES_AGGRESSIVE;
				GCC_WARN_UNUSED_FUNCTION = YES;
				GCC_WARN_UNUSED_VARIABLE = YES;
				IPHONEOS_DEPLOYMENT_TARGET = 13.5;
				MTL_ENABLE_DEBUG_INFO = INCLUDE_SOURCE;
				MTL_FAST_MATH = YES;
				ONLY_ACTIVE_ARCH = YES;
				SDKROOT = iphoneos;
				SWIFT_ACTIVE_COMPILATION_CONDITIONS = DEBUG;
				SWIFT_OPTIMIZATION_LEVEL = "-Onone";
			};
			name = Debug;
		};
		D17A9581259219D200B0B81C /* Release */ = {
			isa = XCBuildConfiguration;
			buildSettings = {
				ALWAYS_SEARCH_USER_PATHS = NO;
				CLANG_ANALYZER_NONNULL = YES;
				CLANG_ANALYZER_NUMBER_OBJECT_CONVERSION = YES_AGGRESSIVE;
				CLANG_CXX_LANGUAGE_STANDARD = "gnu++14";
				CLANG_CXX_LIBRARY = "libc++";
				CLANG_ENABLE_MODULES = YES;
				CLANG_ENABLE_OBJC_ARC = YES;
				CLANG_ENABLE_OBJC_WEAK = YES;
				CLANG_WARN_BLOCK_CAPTURE_AUTORELEASING = YES;
				CLANG_WARN_BOOL_CONVERSION = YES;
				CLANG_WARN_COMMA = YES;
				CLANG_WARN_CONSTANT_CONVERSION = YES;
				CLANG_WARN_DEPRECATED_OBJC_IMPLEMENTATIONS = YES;
				CLANG_WARN_DIRECT_OBJC_ISA_USAGE = YES_ERROR;
				CLANG_WARN_DOCUMENTATION_COMMENTS = YES;
				CLANG_WARN_EMPTY_BODY = YES;
				CLANG_WARN_ENUM_CONVERSION = YES;
				CLANG_WARN_INFINITE_RECURSION = YES;
				CLANG_WARN_INT_CONVERSION = YES;
				CLANG_WARN_NON_LITERAL_NULL_CONVERSION = YES;
				CLANG_WARN_OBJC_IMPLICIT_RETAIN_SELF = YES;
				CLANG_WARN_OBJC_LITERAL_CONVERSION = YES;
				CLANG_WARN_OBJC_ROOT_CLASS = YES_ERROR;
				CLANG_WARN_RANGE_LOOP_ANALYSIS = YES;
				CLANG_WARN_STRICT_PROTOTYPES = YES;
				CLANG_WARN_SUSPICIOUS_MOVE = YES;
				CLANG_WARN_UNGUARDED_AVAILABILITY = YES_AGGRESSIVE;
				CLANG_WARN_UNREACHABLE_CODE = YES;
				CLANG_WARN__DUPLICATE_METHOD_MATCH = YES;
				COPY_PHASE_STRIP = NO;
				DEBUG_INFORMATION_FORMAT = "dwarf-with-dsym";
				ENABLE_NS_ASSERTIONS = NO;
				ENABLE_STRICT_OBJC_MSGSEND = YES;
				GCC_C_LANGUAGE_STANDARD = gnu11;
				GCC_NO_COMMON_BLOCKS = YES;
				GCC_WARN_64_TO_32_BIT_CONVERSION = YES;
				GCC_WARN_ABOUT_RETURN_TYPE = YES_ERROR;
				GCC_WARN_UNDECLARED_SELECTOR = YES;
				GCC_WARN_UNINITIALIZED_AUTOS = YES_AGGRESSIVE;
				GCC_WARN_UNUSED_FUNCTION = YES;
				GCC_WARN_UNUSED_VARIABLE = YES;
				IPHONEOS_DEPLOYMENT_TARGET = 13.5;
				MTL_ENABLE_DEBUG_INFO = NO;
				MTL_FAST_MATH = YES;
				SDKROOT = iphoneos;
				SWIFT_COMPILATION_MODE = wholemodule;
				SWIFT_OPTIMIZATION_LEVEL = "-O";
				VALIDATE_PRODUCT = YES;
			};
			name = Release;
		};
		D17A9583259219D200B0B81C /* Debug */ = {
			isa = XCBuildConfiguration;
			buildSettings = {
				ASSETCATALOG_COMPILER_APPICON_NAME = AppIcon;
				CODE_SIGN_STYLE = Automatic;
				DEVELOPMENT_TEAM = 8FXQ4796G9;
				INFOPLIST_FILE = slideShowApp/Info.plist;
				LD_RUNPATH_SEARCH_PATHS = (
					"$(inherited)",
					"@executable_path/Frameworks",
				);
				PRODUCT_BUNDLE_IDENTIFIER = jp.techAcademy.zixs.slideShowApp;
				PRODUCT_NAME = "$(TARGET_NAME)";
				SWIFT_VERSION = 5.0;
				TARGETED_DEVICE_FAMILY = "1,2";
			};
			name = Debug;
		};
		D17A9584259219D200B0B81C /* Release */ = {
			isa = XCBuildConfiguration;
			buildSettings = {
				ASSETCATALOG_COMPILER_APPICON_NAME = AppIcon;
				CODE_SIGN_STYLE = Automatic;
				DEVELOPMENT_TEAM = 8FXQ4796G9;
				INFOPLIST_FILE = slideShowApp/Info.plist;
				LD_RUNPATH_SEARCH_PATHS = (
					"$(inherited)",
					"@executable_path/Frameworks",
				);
				PRODUCT_BUNDLE_IDENTIFIER = jp.techAcademy.zixs.slideShowApp;
				PRODUCT_NAME = "$(TARGET_NAME)";
				SWIFT_VERSION = 5.0;
				TARGETED_DEVICE_FAMILY = "1,2";
			};
			name = Release;
		};
/* End XCBuildConfiguration section */

/* Begin XCConfigurationList section */
		D17A9569259219D200B0B81C /* Build configuration list for PBXProject "slideShowApp" */ = {
			isa = XCConfigurationList;
			buildConfigurations = (
				D17A9580259219D200B0B81C /* Debug */,
				D17A9581259219D200B0B81C /* Release */,
			);
			defaultConfigurationIsVisible = 0;
			defaultConfigurationName = Release;
		};
		D17A9582259219D200B0B81C /* Build configuration list for PBXNativeTarget "slideShowApp" */ = {
			isa = XCConfigurationList;
			buildConfigurations = (
				D17A9583259219D200B0B81C /* Debug */,
				D17A9584259219D200B0B81C /* Release */,
			);
			defaultConfigurationIsVisible = 0;
			defaultConfigurationName = Release;
		};
/* End XCConfigurationList section */
	};
	rootObject = D17A9566259219D200B0B81C /* Project object */;
}
